
Microsoft Visual Studio Solution File, Format Version 12.00
# Visual Studio Version 17
VisualStudioVersion = 17.14.36414.22
MinimumVisualStudioVersion = 10.0.40219.1
Project("{FAE04EC0-301F-11D3-BF4B-00C04F79EFBC}") = "Fluent-Auth-Smuggler-Sample", "Smuggler-Sample\Smuggler-Sample\Fluent-Auth-Smuggler-Sample.csproj", "{D6AF5393-C62D-4701-850F-E0BC6E120788}"
EndProject
Project("{FAE04EC0-301F-11D3-BF4B-00C04F79EFBC}") = "Fluent-Auth-Smuggler-Sample.Client", "Smuggler-Sample\Smuggler-Sample.Client\Fluent-Auth-Smuggler-Sample.Client.csproj", "{5062CE50-4540-4220-88F0-FF0AC616AB3D}"
EndProject
Project("{FAE04EC0-301F-11D3-BF4B-00C04F79EFBC}") = "MudBlazorWebApp-Sample", "MudBlazorWebApp-Sample\MudBlazorWebApp-Sample\MudBlazorWebApp-Sample.csproj", "{04EDFF5E-6551-477D-8EC3-38DA988B3000}"
EndProject
Project("{FAE04EC0-301F-11D3-BF4B-00C04F79EFBC}") = "MudBlazorWebApp-Sample.Client", "MudBlazorWebApp-Sample\MudBlazorWebApp-Sample.Client\MudBlazorWebApp-Sample.Client.csproj", "{219CFB02-67C8-4186-9DF5-E4B03DB315E4}"
EndProject
Project("{FAE04EC0-301F-11D3-BF4B-00C04F79EFBC}") = "FluentUI-Simple-Smuggler-Sample", "FluentUI-Simple-Smuggler-Sample\FluentUI-Simple-Smuggler-Sample\FluentUI-Simple-Smuggler-Sample.csproj", "{E6D6BEA4-BBD3-481F-818A-D226D1E69AEF}"
EndProject
Project("{FAE04EC0-301F-11D3-BF4B-00C04F79EFBC}") = "FluentUI-Simple-Smuggler-Sample.Client", "FluentUI-Simple-Smuggler-Sample\FluentUI-Simple-Smuggler-Sample.Client\FluentUI-Simple-Smuggler-Sample.Client.csproj", "{34CA9E03-B0D5-4C41-99F2-5FC2E8A31FB2}"
EndProject
Project("{FAE04EC0-301F-11D3-BF4B-00C04F79EFBC}") = "SmugglerWeb", "SmugglerWeb\SmugglerWeb\SmugglerWeb.csproj", "{CD2044FE-E5B5-4A0F-8228-55E4010A3B59}"
EndProject
Project("{FAE04EC0-301F-11D3-BF4B-00C04F79EFBC}") = "SmugglerWeb.Client", "SmugglerWeb\SmugglerWeb.Client\SmugglerWeb.Client.csproj", "{4E25B786-C9B8-4BF9-9819-2A7F15F3AEEB}"
EndProject
Project("{FAE04EC0-301F-11D3-BF4B-00C04F79EFBC}") = "NewSmugglerWeb", "NewSmugglerWeb\NewSmugglerWeb\NewSmugglerWeb.csproj", "{0351D4E1-00EC-4153-8179-C135734F3258}"
EndProject
Project("{FAE04EC0-301F-11D3-BF4B-00C04F79EFBC}") = "NewSmugglerWeb.Client", "NewSmugglerWeb\NewSmugglerWeb.Client\NewSmugglerWeb.Client.csproj", "{16754A13-3061-4200-948E-D9695B346D27}"
EndProject
Global
	GlobalSection(SolutionConfigurationPlatforms) = preSolution
		Debug|Any CPU = Debug|Any CPU
		Release|Any CPU = Release|Any CPU
	EndGlobalSection
	GlobalSection(ProjectConfigurationPlatforms) = postSolution
		{D6AF5393-C62D-4701-850F-E0BC6E120788}.Debug|Any CPU.ActiveCfg = Debug|Any CPU
		{D6AF5393-C62D-4701-850F-E0BC6E120788}.Debug|Any CPU.Build.0 = Debug|Any CPU
		{D6AF5393-C62D-4701-850F-E0BC6E120788}.Release|Any CPU.ActiveCfg = Release|Any CPU
		{D6AF5393-C62D-4701-850F-E0BC6E120788}.Release|Any CPU.Build.0 = Release|Any CPU
		{5062CE50-4540-4220-88F0-FF0AC616AB3D}.Debug|Any CPU.ActiveCfg = Debug|Any CPU
		{5062CE50-4540-4220-88F0-FF0AC616AB3D}.Debug|Any CPU.Build.0 = Debug|Any CPU
		{5062CE50-4540-4220-88F0-FF0AC616AB3D}.Release|Any CPU.ActiveCfg = Release|Any CPU
		{5062CE50-4540-4220-88F0-FF0AC616AB3D}.Release|Any CPU.Build.0 = Release|Any CPU
		{04EDFF5E-6551-477D-8EC3-38DA988B3000}.Debug|Any CPU.ActiveCfg = Debug|Any CPU
		{04EDFF5E-6551-477D-8EC3-38DA988B3000}.Debug|Any CPU.Build.0 = Debug|Any CPU
		{04EDFF5E-6551-477D-8EC3-38DA988B3000}.Release|Any CPU.ActiveCfg = Release|Any CPU
		{04EDFF5E-6551-477D-8EC3-38DA988B3000}.Release|Any CPU.Build.0 = Release|Any CPU
		{219CFB02-67C8-4186-9DF5-E4B03DB315E4}.Debug|Any CPU.ActiveCfg = Debug|Any CPU
		{219CFB02-67C8-4186-9DF5-E4B03DB315E4}.Debug|Any CPU.Build.0 = Debug|Any CPU
		{219CFB02-67C8-4186-9DF5-E4B03DB315E4}.Release|Any CPU.ActiveCfg = Release|Any CPU
		{219CFB02-67C8-4186-9DF5-E4B03DB315E4}.Release|Any CPU.Build.0 = Release|Any CPU
		{E6D6BEA4-BBD3-481F-818A-D226D1E69AEF}.Debug|Any CPU.ActiveCfg = Debug|Any CPU
		{E6D6BEA4-BBD3-481F-818A-D226D1E69AEF}.Debug|Any CPU.Build.0 = Debug|Any CPU
		{E6D6BEA4-BBD3-481F-818A-D226D1E69AEF}.Release|Any CPU.ActiveCfg = Release|Any CPU
		{E6D6BEA4-BBD3-481F-818A-D226D1E69AEF}.Release|Any CPU.Build.0 = Release|Any CPU
		{34CA9E03-B0D5-4C41-99F2-5FC2E8A31FB2}.Debug|Any CPU.ActiveCfg = Debug|Any CPU
		{34CA9E03-B0D5-4C41-99F2-5FC2E8A31FB2}.Debug|Any CPU.Build.0 = Debug|Any CPU
		{34CA9E03-B0D5-4C41-99F2-5FC2E8A31FB2}.Release|Any CPU.ActiveCfg = Release|Any CPU
		{34CA9E03-B0D5-4C41-99F2-5FC2E8A31FB2}.Release|Any CPU.Build.0 = Release|Any CPU
		{CD2044FE-E5B5-4A0F-8228-55E4010A3B59}.Debug|Any CPU.ActiveCfg = Debug|Any CPU
		{CD2044FE-E5B5-4A0F-8228-55E4010A3B59}.Debug|Any CPU.Build.0 = Debug|Any CPU
		{CD2044FE-E5B5-4A0F-8228-55E4010A3B59}.Release|Any CPU.ActiveCfg = Release|Any CPU
		{CD2044FE-E5B5-4A0F-8228-55E4010A3B59}.Release|Any CPU.Build.0 = Release|Any CPU
		{4E25B786-C9B8-4BF9-9819-2A7F15F3AEEB}.Debug|Any CPU.ActiveCfg = Debug|Any CPU
		{4E25B786-C9B8-4BF9-9819-2A7F15F3AEEB}.Debug|Any CPU.Build.0 = Debug|Any CPU
		{4E25B786-C9B8-4BF9-9819-2A7F15F3AEEB}.Release|Any CPU.ActiveCfg = Release|Any CPU
		{4E25B786-C9B8-4BF9-9819-2A7F15F3AEEB}.Release|Any CPU.Build.0 = Release|Any CPU
		{0351D4E1-00EC-4153-8179-C135734F3258}.Debug|Any CPU.ActiveCfg = Debug|Any CPU
		{0351D4E1-00EC-4153-8179-C135734F3258}.Debug|Any CPU.Build.0 = Debug|Any CPU
		{0351D4E1-00EC-4153-8179-C135734F3258}.Release|Any CPU.ActiveCfg = Release|Any CPU
		{0351D4E1-00EC-4153-8179-C135734F3258}.Release|Any CPU.Build.0 = Release|Any CPU
		{16754A13-3061-4200-948E-D9695B346D27}.Debug|Any CPU.ActiveCfg = Debug|Any CPU
		{16754A13-3061-4200-948E-D9695B346D27}.Debug|Any CPU.Build.0 = Debug|Any CPU
		{16754A13-3061-4200-948E-D9695B346D27}.Release|Any CPU.ActiveCfg = Release|Any CPU
		{16754A13-3061-4200-948E-D9695B346D27}.Release|Any CPU.Build.0 = Release|Any CPU
	EndGlobalSection
	GlobalSection(SolutionProperties) = preSolution
		HideSolutionNode = FALSE
	EndGlobalSection
	GlobalSection(ExtensibilityGlobals) = postSolution
		SolutionGuid = {7FF461BF-3A2C-4E0B-9563-CDA32C992CC6}
	EndGlobalSection
EndGlobal
